
Microsoft Visual Studio Solution File, Format Version 12.00
Project("{FAE04EC0-301F-11D3-BF4B-00C04F79EFBC}") = "KanbanApi.Client", "KanbanApi.Client\KanbanApi.Client.csproj", "{03FAE47A-82E5-4A08-ABD1-B0B2BFB39846}"
EndProject
Project("{FAE04EC0-301F-11D3-BF4B-00C04F79EFBC}") = "KanbanApi.Client.Tests", "KanbanApi.Client.Tests\KanbanApi.Client.Tests.csproj", "{8C38787D-80FD-4320-8E50-422C6FFA56E8}"
EndProject
Project("{FAE04EC0-301F-11D3-BF4B-00C04F79EFBC}") = "PolygonApi.Client", "PolygonApi.Client\PolygonApi.Client.csproj", "{5E38BA20-9D38-4486-AB82-138373AD8F5B}"
EndProject
Project("{FAE04EC0-301F-11D3-BF4B-00C04F79EFBC}") = "PolygonApi.Client.Tests", "PolygonApi.Client.Tests\PolygonApi.Client.Tests.csproj", "{EC37987B-BC70-4E39-BA5D-0D3F84078C9B}"
EndProject
Project("{FAE04EC0-301F-11D3-BF4B-00C04F79EFBC}") = "HistoricalDataApi.Client", "HistoricalDataApi.Client\HistoricalDataApi.Client.csproj", "{0B287209-F0DA-4812-B9E1-0FEA376C964E}"
EndProject
Project("{FAE04EC0-301F-11D3-BF4B-00C04F79EFBC}") = "HistoricalDataApi.Client.Tests", "HistoricalDataApi.Client.Tests\HistoricalDataApi.Client.Tests.csproj", "{A8FF6358-C7B0-407A-8727-CF2DA4E69418}"
EndProject
Project("{2150E333-8FDC-42A3-9474-1A3956D46DE8}") = "Tenant", "Tenant", "{36A37790-B5F7-4B2B-B378-E18890F0129D}"
EndProject
Project("{FAE04EC0-301F-11D3-BF4B-00C04F79EFBC}") = "Assistant.Tenant.Core", "Tenant\Assistant.Tenant.Core\Assistant.Tenant.Core.csproj", "{BA7051DF-4420-4808-8B10-02FBDC0C4AFA}"
EndProject
Project("{FAE04EC0-301F-11D3-BF4B-00C04F79EFBC}") = "Assistant.Tenant.Api", "Tenant\Assistant.Tenant.Api\Assistant.Tenant.Api.csproj", "{A1711349-E5E3-495C-9422-AED47E4583D0}"
EndProject
Project("{FAE04EC0-301F-11D3-BF4B-00C04F79EFBC}") = "Assistant.Tenant.Infrastructure", "Tenant\Assistant.Tenant.Infrastructure\Assistant.Tenant.Infrastructure.csproj", "{FDA4866F-2A62-4F78-963E-F0F864457388}"
EndProject
Project("{2150E333-8FDC-42A3-9474-1A3956D46DE8}") = "Market", "Market", "{E5AE12AC-81AB-439A-A7C0-6BF6E2A9D0D9}"
EndProject
Project("{FAE04EC0-301F-11D3-BF4B-00C04F79EFBC}") = "Assistant.Market.Core", "Market\Assistant.Market.Core\Assistant.Market.Core.csproj", "{53483D67-6F70-49BD-957E-B73D744A4E0C}"
EndProject
Project("{FAE04EC0-301F-11D3-BF4B-00C04F79EFBC}") = "Assistant.Market.Infrastructure", "Market\Assistant.Market.Infrastructure\Assistant.Market.Infrastructure.csproj", "{3F2EDFAF-C880-4422-AF97-6ED7EC79C64B}"
EndProject
Project("{FAE04EC0-301F-11D3-BF4B-00C04F79EFBC}") = "Assistant.Market.Api", "Market\Assistant.Market.Api\Assistant.Market.Api.csproj", "{CD753826-F557-42E4-8B18-F723C318D2AE}"
EndProject
Project("{FAE04EC0-301F-11D3-BF4B-00C04F79EFBC}") = "Assistant.Market.Tests", "Market\Assistant.Market.Tests\Assistant.Market.Tests.csproj", "{38A3CF69-8FA4-498F-857C-2E98CE077A2A}"
EndProject
Project("{FAE04EC0-301F-11D3-BF4B-00C04F79EFBC}") = "Helper.Core", "Helper.Core\Helper.Core.csproj", "{440A2033-8D19-4A92-A205-F8B0AE3EF14B}"
EndProject
Project("{FAE04EC0-301F-11D3-BF4B-00C04F79EFBC}") = "Helper.Core.Tests", "Helper.Core.Tests\Helper.Core.Tests.csproj", "{BC20843C-5CF1-4A38-A3F2-609FCBE9F8B3}"
EndProject
Project("{2150E333-8FDC-42A3-9474-1A3956D46DE8}") = "Common", "Common", "{DC067CBE-3818-4FAD-A7AA-1A45BFB91005}"
EndProject
Project("{FAE04EC0-301F-11D3-BF4B-00C04F79EFBC}") = "Common.Infrastructure", "Common\Common.Infrastructure\Common.Infrastructure.csproj", "{A4CEF658-5226-4CF0-9EEC-F10002E9AA8B}"
EndProject
Project("{FAE04EC0-301F-11D3-BF4B-00C04F79EFBC}") = "Common.Core", "Common\Common.Core\Common.Core.csproj", "{D2BF08C6-F672-4976-B0F6-8A8B515E6348}"
EndProject
Project("{FAE04EC0-301F-11D3-BF4B-00C04F79EFBC}") = "Common.Core.Tests", "Common\Common.Core.Tests\Common.Core.Tests.csproj", "{5C9CB9D8-2A23-4D08-AEB9-4CB5F289F412}"
EndProject
Global
	GlobalSection(SolutionConfigurationPlatforms) = preSolution
		Debug|Any CPU = Debug|Any CPU
		Release|Any CPU = Release|Any CPU
	EndGlobalSection
	GlobalSection(ProjectConfigurationPlatforms) = postSolution
		{03FAE47A-82E5-4A08-ABD1-B0B2BFB39846}.Debug|Any CPU.ActiveCfg = Debug|Any CPU
		{03FAE47A-82E5-4A08-ABD1-B0B2BFB39846}.Debug|Any CPU.Build.0 = Debug|Any CPU
		{03FAE47A-82E5-4A08-ABD1-B0B2BFB39846}.Release|Any CPU.ActiveCfg = Release|Any CPU
		{03FAE47A-82E5-4A08-ABD1-B0B2BFB39846}.Release|Any CPU.Build.0 = Release|Any CPU
		{8C38787D-80FD-4320-8E50-422C6FFA56E8}.Debug|Any CPU.ActiveCfg = Debug|Any CPU
		{8C38787D-80FD-4320-8E50-422C6FFA56E8}.Debug|Any CPU.Build.0 = Debug|Any CPU
		{8C38787D-80FD-4320-8E50-422C6FFA56E8}.Release|Any CPU.ActiveCfg = Release|Any CPU
		{8C38787D-80FD-4320-8E50-422C6FFA56E8}.Release|Any CPU.Build.0 = Release|Any CPU
		{5E38BA20-9D38-4486-AB82-138373AD8F5B}.Debug|Any CPU.ActiveCfg = Debug|Any CPU
		{5E38BA20-9D38-4486-AB82-138373AD8F5B}.Debug|Any CPU.Build.0 = Debug|Any CPU
		{5E38BA20-9D38-4486-AB82-138373AD8F5B}.Release|Any CPU.ActiveCfg = Release|Any CPU
		{5E38BA20-9D38-4486-AB82-138373AD8F5B}.Release|Any CPU.Build.0 = Release|Any CPU
		{EC37987B-BC70-4E39-BA5D-0D3F84078C9B}.Debug|Any CPU.ActiveCfg = Debug|Any CPU
		{EC37987B-BC70-4E39-BA5D-0D3F84078C9B}.Debug|Any CPU.Build.0 = Debug|Any CPU
		{EC37987B-BC70-4E39-BA5D-0D3F84078C9B}.Release|Any CPU.ActiveCfg = Release|Any CPU
		{EC37987B-BC70-4E39-BA5D-0D3F84078C9B}.Release|Any CPU.Build.0 = Release|Any CPU
		{0B287209-F0DA-4812-B9E1-0FEA376C964E}.Debug|Any CPU.ActiveCfg = Debug|Any CPU
		{0B287209-F0DA-4812-B9E1-0FEA376C964E}.Debug|Any CPU.Build.0 = Debug|Any CPU
		{0B287209-F0DA-4812-B9E1-0FEA376C964E}.Release|Any CPU.ActiveCfg = Release|Any CPU
		{0B287209-F0DA-4812-B9E1-0FEA376C964E}.Release|Any CPU.Build.0 = Release|Any CPU
		{A8FF6358-C7B0-407A-8727-CF2DA4E69418}.Debug|Any CPU.ActiveCfg = Debug|Any CPU
		{A8FF6358-C7B0-407A-8727-CF2DA4E69418}.Debug|Any CPU.Build.0 = Debug|Any CPU
		{A8FF6358-C7B0-407A-8727-CF2DA4E69418}.Release|Any CPU.ActiveCfg = Release|Any CPU
		{A8FF6358-C7B0-407A-8727-CF2DA4E69418}.Release|Any CPU.Build.0 = Release|Any CPU
		{BA7051DF-4420-4808-8B10-02FBDC0C4AFA}.Debug|Any CPU.ActiveCfg = Debug|Any CPU
		{BA7051DF-4420-4808-8B10-02FBDC0C4AFA}.Debug|Any CPU.Build.0 = Debug|Any CPU
		{BA7051DF-4420-4808-8B10-02FBDC0C4AFA}.Release|Any CPU.ActiveCfg = Release|Any CPU
		{BA7051DF-4420-4808-8B10-02FBDC0C4AFA}.Release|Any CPU.Build.0 = Release|Any CPU
		{A1711349-E5E3-495C-9422-AED47E4583D0}.Debug|Any CPU.ActiveCfg = Debug|Any CPU
		{A1711349-E5E3-495C-9422-AED47E4583D0}.Debug|Any CPU.Build.0 = Debug|Any CPU
		{A1711349-E5E3-495C-9422-AED47E4583D0}.Release|Any CPU.ActiveCfg = Release|Any CPU
		{A1711349-E5E3-495C-9422-AED47E4583D0}.Release|Any CPU.Build.0 = Release|Any CPU
		{FDA4866F-2A62-4F78-963E-F0F864457388}.Debug|Any CPU.ActiveCfg = Debug|Any CPU
		{FDA4866F-2A62-4F78-963E-F0F864457388}.Debug|Any CPU.Build.0 = Debug|Any CPU
		{FDA4866F-2A62-4F78-963E-F0F864457388}.Release|Any CPU.ActiveCfg = Release|Any CPU
		{FDA4866F-2A62-4F78-963E-F0F864457388}.Release|Any CPU.Build.0 = Release|Any CPU
		{53483D67-6F70-49BD-957E-B73D744A4E0C}.Debug|Any CPU.ActiveCfg = Debug|Any CPU
		{53483D67-6F70-49BD-957E-B73D744A4E0C}.Debug|Any CPU.Build.0 = Debug|Any CPU
		{53483D67-6F70-49BD-957E-B73D744A4E0C}.Release|Any CPU.ActiveCfg = Release|Any CPU
		{53483D67-6F70-49BD-957E-B73D744A4E0C}.Release|Any CPU.Build.0 = Release|Any CPU
		{3F2EDFAF-C880-4422-AF97-6ED7EC79C64B}.Debug|Any CPU.ActiveCfg = Debug|Any CPU
		{3F2EDFAF-C880-4422-AF97-6ED7EC79C64B}.Debug|Any CPU.Build.0 = Debug|Any CPU
		{3F2EDFAF-C880-4422-AF97-6ED7EC79C64B}.Release|Any CPU.ActiveCfg = Release|Any CPU
		{3F2EDFAF-C880-4422-AF97-6ED7EC79C64B}.Release|Any CPU.Build.0 = Release|Any CPU
		{CD753826-F557-42E4-8B18-F723C318D2AE}.Debug|Any CPU.ActiveCfg = Debug|Any CPU
		{CD753826-F557-42E4-8B18-F723C318D2AE}.Debug|Any CPU.Build.0 = Debug|Any CPU
		{CD753826-F557-42E4-8B18-F723C318D2AE}.Release|Any CPU.ActiveCfg = Release|Any CPU
		{CD753826-F557-42E4-8B18-F723C318D2AE}.Release|Any CPU.Build.0 = Release|Any CPU
		{38A3CF69-8FA4-498F-857C-2E98CE077A2A}.Debug|Any CPU.ActiveCfg = Debug|Any CPU
		{38A3CF69-8FA4-498F-857C-2E98CE077A2A}.Debug|Any CPU.Build.0 = Debug|Any CPU
		{38A3CF69-8FA4-498F-857C-2E98CE077A2A}.Release|Any CPU.ActiveCfg = Release|Any CPU
		{38A3CF69-8FA4-498F-857C-2E98CE077A2A}.Release|Any CPU.Build.0 = Release|Any CPU
		{440A2033-8D19-4A92-A205-F8B0AE3EF14B}.Debug|Any CPU.ActiveCfg = Debug|Any CPU
		{440A2033-8D19-4A92-A205-F8B0AE3EF14B}.Debug|Any CPU.Build.0 = Debug|Any CPU
		{440A2033-8D19-4A92-A205-F8B0AE3EF14B}.Release|Any CPU.ActiveCfg = Release|Any CPU
		{440A2033-8D19-4A92-A205-F8B0AE3EF14B}.Release|Any CPU.Build.0 = Release|Any CPU
		{BC20843C-5CF1-4A38-A3F2-609FCBE9F8B3}.Debug|Any CPU.ActiveCfg = Debug|Any CPU
		{BC20843C-5CF1-4A38-A3F2-609FCBE9F8B3}.Debug|Any CPU.Build.0 = Debug|Any CPU
		{BC20843C-5CF1-4A38-A3F2-609FCBE9F8B3}.Release|Any CPU.ActiveCfg = Release|Any CPU
		{BC20843C-5CF1-4A38-A3F2-609FCBE9F8B3}.Release|Any CPU.Build.0 = Release|Any CPU
		{A4CEF658-5226-4CF0-9EEC-F10002E9AA8B}.Debug|Any CPU.ActiveCfg = Debug|Any CPU
		{A4CEF658-5226-4CF0-9EEC-F10002E9AA8B}.Debug|Any CPU.Build.0 = Debug|Any CPU
		{A4CEF658-5226-4CF0-9EEC-F10002E9AA8B}.Release|Any CPU.ActiveCfg = Release|Any CPU
		{A4CEF658-5226-4CF0-9EEC-F10002E9AA8B}.Release|Any CPU.Build.0 = Release|Any CPU
		{D2BF08C6-F672-4976-B0F6-8A8B515E6348}.Debug|Any CPU.ActiveCfg = Debug|Any CPU
		{D2BF08C6-F672-4976-B0F6-8A8B515E6348}.Debug|Any CPU.Build.0 = Debug|Any CPU
		{D2BF08C6-F672-4976-B0F6-8A8B515E6348}.Release|Any CPU.ActiveCfg = Release|Any CPU
		{D2BF08C6-F672-4976-B0F6-8A8B515E6348}.Release|Any CPU.Build.0 = Release|Any CPU
		{5C9CB9D8-2A23-4D08-AEB9-4CB5F289F412}.Debug|Any CPU.ActiveCfg = Debug|Any CPU
		{5C9CB9D8-2A23-4D08-AEB9-4CB5F289F412}.Debug|Any CPU.Build.0 = Debug|Any CPU
		{5C9CB9D8-2A23-4D08-AEB9-4CB5F289F412}.Release|Any CPU.ActiveCfg = Release|Any CPU
		{5C9CB9D8-2A23-4D08-AEB9-4CB5F289F412}.Release|Any CPU.Build.0 = Release|Any CPU
	EndGlobalSection
	GlobalSection(NestedProjects) = preSolution
		{BA7051DF-4420-4808-8B10-02FBDC0C4AFA} = {36A37790-B5F7-4B2B-B378-E18890F0129D}
		{A1711349-E5E3-495C-9422-AED47E4583D0} = {36A37790-B5F7-4B2B-B378-E18890F0129D}
		{FDA4866F-2A62-4F78-963E-F0F864457388} = {36A37790-B5F7-4B2B-B378-E18890F0129D}
		{53483D67-6F70-49BD-957E-B73D744A4E0C} = {E5AE12AC-81AB-439A-A7C0-6BF6E2A9D0D9}
		{3F2EDFAF-C880-4422-AF97-6ED7EC79C64B} = {E5AE12AC-81AB-439A-A7C0-6BF6E2A9D0D9}
		{CD753826-F557-42E4-8B18-F723C318D2AE} = {E5AE12AC-81AB-439A-A7C0-6BF6E2A9D0D9}
		{38A3CF69-8FA4-498F-857C-2E98CE077A2A} = {E5AE12AC-81AB-439A-A7C0-6BF6E2A9D0D9}
		{A4CEF658-5226-4CF0-9EEC-F10002E9AA8B} = {DC067CBE-3818-4FAD-A7AA-1A45BFB91005}
		{D2BF08C6-F672-4976-B0F6-8A8B515E6348} = {DC067CBE-3818-4FAD-A7AA-1A45BFB91005}
		{5C9CB9D8-2A23-4D08-AEB9-4CB5F289F412} = {DC067CBE-3818-4FAD-A7AA-1A45BFB91005}
	EndGlobalSection
EndGlobal
